
Microsoft Visual Studio Solution File, Format Version 12.00
# Visual Studio 2013
VisualStudioVersion = 12.0.21005.1
MinimumVisualStudioVersion = 10.0.40219.1
Project("{FAE04EC0-301F-11D3-BF4B-00C04F79EFBC}") = "MarkerMetro.Unity.WinIntegrationUnity", "MarkerMetro.Unity.WinIntegrationUnity\MarkerMetro.Unity.WinIntegrationUnity.csproj", "{BA146C0E-024A-4C29-817F-CBDD2A811129}"
EndProject
Project("{FAE04EC0-301F-11D3-BF4B-00C04F79EFBC}") = "MarkerMetro.Unity.WinIntegrationMetro", "MarkerMetro.Unity.WinIntegrationMetro\MarkerMetro.Unity.WinIntegrationMetro.csproj", "{5A63EDA9-9F15-4444-A841-3D8586B55417}"
EndProject
Project("{FAE04EC0-301F-11D3-BF4B-00C04F79EFBC}") = "MarkerMetro.Unity.WinIntegrationWP8", "MarkerMetro.Unity.WinIntegrationWP8\MarkerMetro.Unity.WinIntegrationWP8.csproj", "{E28075F4-2E4E-4ACC-B733-DC279D452CF0}"
EndProject
Global
	GlobalSection(SolutionConfigurationPlatforms) = preSolution
		Debug|Any CPU = Debug|Any CPU
		Debug|ARM = Debug|ARM
		Debug|x86 = Debug|x86
		Release|Any CPU = Release|Any CPU
		Release|ARM = Release|ARM
		Release|x86 = Release|x86
	EndGlobalSection
	GlobalSection(ProjectConfigurationPlatforms) = postSolution
		{BA146C0E-024A-4C29-817F-CBDD2A811129}.Debug|Any CPU.ActiveCfg = Debug|Any CPU
		{BA146C0E-024A-4C29-817F-CBDD2A811129}.Debug|Any CPU.Build.0 = Debug|Any CPU
		{BA146C0E-024A-4C29-817F-CBDD2A811129}.Debug|ARM.ActiveCfg = Debug|Any CPU
		{BA146C0E-024A-4C29-817F-CBDD2A811129}.Debug|x86.ActiveCfg = Debug|Any CPU
		{BA146C0E-024A-4C29-817F-CBDD2A811129}.Release|Any CPU.ActiveCfg = Release|Any CPU
		{BA146C0E-024A-4C29-817F-CBDD2A811129}.Release|Any CPU.Build.0 = Release|Any CPU
		{BA146C0E-024A-4C29-817F-CBDD2A811129}.Release|ARM.ActiveCfg = Release|Any CPU
		{BA146C0E-024A-4C29-817F-CBDD2A811129}.Release|x86.ActiveCfg = Release|Any CPU
		{5A63EDA9-9F15-4444-A841-3D8586B55417}.Debug|Any CPU.ActiveCfg = Debug|Any CPU
		{5A63EDA9-9F15-4444-A841-3D8586B55417}.Debug|Any CPU.Build.0 = Debug|Any CPU
		{5A63EDA9-9F15-4444-A841-3D8586B55417}.Debug|ARM.ActiveCfg = Debug|Any CPU
		{5A63EDA9-9F15-4444-A841-3D8586B55417}.Debug|x86.ActiveCfg = Debug|Any CPU
		{5A63EDA9-9F15-4444-A841-3D8586B55417}.Release|Any CPU.ActiveCfg = Release|Any CPU
		{5A63EDA9-9F15-4444-A841-3D8586B55417}.Release|Any CPU.Build.0 = Release|Any CPU
		{5A63EDA9-9F15-4444-A841-3D8586B55417}.Release|ARM.ActiveCfg = Release|Any CPU
		{5A63EDA9-9F15-4444-A841-3D8586B55417}.Release|x86.ActiveCfg = Release|Any CPU
		{E28075F4-2E4E-4ACC-B733-DC279D452CF0}.Debug|Any CPU.ActiveCfg = Debug|Any CPU
		{E28075F4-2E4E-4ACC-B733-DC279D452CF0}.Debug|Any CPU.Build.0 = Debug|Any CPU
		{E28075F4-2E4E-4ACC-B733-DC279D452CF0}.Debug|ARM.ActiveCfg = Debug|ARM
		{E28075F4-2E4E-4ACC-B733-DC279D452CF0}.Debug|ARM.Build.0 = Debug|ARM
		{E28075F4-2E4E-4ACC-B733-DC279D452CF0}.Debug|x86.ActiveCfg = Debug|x86
		{E28075F4-2E4E-4ACC-B733-DC279D452CF0}.Debug|x86.Build.0 = Debug|x86
		{E28075F4-2E4E-4ACC-B733-DC279D452CF0}.Release|Any CPU.ActiveCfg = Release|Any CPU
		{E28075F4-2E4E-4ACC-B733-DC279D452CF0}.Release|Any CPU.Build.0 = Release|Any CPU
		{E28075F4-2E4E-4ACC-B733-DC279D452CF0}.Release|ARM.ActiveCfg = Release|ARM
		{E28075F4-2E4E-4ACC-B733-DC279D452CF0}.Release|ARM.Build.0 = Release|ARM
		{E28075F4-2E4E-4ACC-B733-DC279D452CF0}.Release|x86.ActiveCfg = Release|x86
		{E28075F4-2E4E-4ACC-B733-DC279D452CF0}.Release|x86.Build.0 = Release|x86
	EndGlobalSection
	GlobalSection(SolutionProperties) = preSolution
		HideSolutionNode = FALSE
	EndGlobalSection
EndGlobal
